
Microsoft Visual Studio Solution File, Format Version 12.00
# Visual Studio Version 17
VisualStudioVersion = 17.13.35818.85 d17.13
MinimumVisualStudioVersion = 10.0.40219.1
Project("{FAE04EC0-301F-11D3-BF4B-00C04F79EFBC}") = "MathTests", "MathTests\MathTests.csproj", "{059667C8-CF2D-40D6-AC3E-4659207F16A3}"
EndProject
Global
	GlobalSection(SolutionConfigurationPlatforms) = preSolution
		Debug|Any CPU = Debug|Any CPU
		Release|Any CPU = Release|Any CPU
	EndGlobalSection
	GlobalSection(ProjectConfigurationPlatforms) = postSolution
		{059667C8-CF2D-40D6-AC3E-4659207F16A3}.Debug|Any CPU.ActiveCfg = Debug|Any CPU
		{059667C8-CF2D-40D6-AC3E-4659207F16A3}.Debug|Any CPU.Build.0 = Debug|Any CPU
		{059667C8-CF2D-40D6-AC3E-4659207F16A3}.Release|Any CPU.ActiveCfg = Release|Any CPU
		{059667C8-CF2D-40D6-AC3E-4659207F16A3}.Release|Any CPU.Build.0 = Release|Any CPU
	EndGlobalSection
	GlobalSection(SolutionProperties) = preSolution
		HideSolutionNode = FALSE
	EndGlobalSection
	GlobalSection(ExtensibilityGlobals) = postSolution
		SolutionGuid = {513C0033-2907-43D2-8732-239988EFAC84}
	EndGlobalSection
EndGlobal
